
Microsoft Visual Studio Solution File, Format Version 12.00
# Visual Studio 2012
Project("{8BC9CEB8-8B4A-11D0-8D11-00A0C91BC942}") = "eigenfaces", "face_reco\face_reco.vcxproj", "{A2BDD2B5-C95C-49CD-947C-8B4C906BFAC2}"
EndProject
Project("{8BC9CEB8-8B4A-11D0-8D11-00A0C91BC942}") = "fisherfaces", "fisherfaces\fisherfaces.vcxproj", "{B496C55B-A38B-4CF3-8640-D38D3887B0AB}"
EndProject
Project("{8BC9CEB8-8B4A-11D0-8D11-00A0C91BC942}") = "haar", "haar\haar.vcxproj", "{79F23A76-F444-4E8C-B776-496D511E29E1}"
EndProject
Project("{8BC9CEB8-8B4A-11D0-8D11-00A0C91BC942}") = "swt", "swt\swt.vcxproj", "{CCBAD2E4-4A71-478C-9591-29ED287C097E}"
EndProject
Project("{8BC9CEB8-8B4A-11D0-8D11-00A0C91BC942}") = "Binar_lib", "..\Binar_109fixed\Binar\Binar_lib.vcxproj", "{4E9E5AD0-F337-49AE-9274-53ADCA8C10ED}"
EndProject
Project("{8BC9CEB8-8B4A-11D0-8D11-00A0C91BC942}") = "canny", "canny\canny.vcxproj", "{5AF359B0-0684-4D90-87D3-AEFD0799112A}"
EndProject
Project("{8BC9CEB8-8B4A-11D0-8D11-00A0C91BC942}") = "gradient", "gradient\gradient.vcxproj", "{EC645FD9-095D-41F7-AD51-19368DD91100}"
EndProject
Project("{8BC9CEB8-8B4A-11D0-8D11-00A0C91BC942}") = "thresh", "thresh\thresh.vcxproj", "{8CBABB16-7672-4225-9E3F-4D1D6DED92FB}"
EndProject
Global
	GlobalSection(SolutionConfigurationPlatforms) = preSolution
		Debug|Mixed Platforms = Debug|Mixed Platforms
		Debug|Win32 = Debug|Win32
		Debug|x64 = Debug|x64
		Release|Mixed Platforms = Release|Mixed Platforms
		Release|Win32 = Release|Win32
		Release|x64 = Release|x64
	EndGlobalSection
	GlobalSection(ProjectConfigurationPlatforms) = postSolution
		{A2BDD2B5-C95C-49CD-947C-8B4C906BFAC2}.Debug|Mixed Platforms.ActiveCfg = Debug|x64
		{A2BDD2B5-C95C-49CD-947C-8B4C906BFAC2}.Debug|Mixed Platforms.Build.0 = Debug|x64
		{A2BDD2B5-C95C-49CD-947C-8B4C906BFAC2}.Debug|Win32.ActiveCfg = Debug|Win32
		{A2BDD2B5-C95C-49CD-947C-8B4C906BFAC2}.Debug|Win32.Build.0 = Debug|Win32
		{A2BDD2B5-C95C-49CD-947C-8B4C906BFAC2}.Debug|x64.ActiveCfg = Debug|Win32
		{A2BDD2B5-C95C-49CD-947C-8B4C906BFAC2}.Debug|x64.Build.0 = Debug|Win32
		{A2BDD2B5-C95C-49CD-947C-8B4C906BFAC2}.Release|Mixed Platforms.ActiveCfg = Release|x64
		{A2BDD2B5-C95C-49CD-947C-8B4C906BFAC2}.Release|Mixed Platforms.Build.0 = Release|x64
		{A2BDD2B5-C95C-49CD-947C-8B4C906BFAC2}.Release|Win32.ActiveCfg = Release|Win32
		{A2BDD2B5-C95C-49CD-947C-8B4C906BFAC2}.Release|Win32.Build.0 = Release|Win32
		{A2BDD2B5-C95C-49CD-947C-8B4C906BFAC2}.Release|x64.ActiveCfg = Release|x64
		{A2BDD2B5-C95C-49CD-947C-8B4C906BFAC2}.Release|x64.Build.0 = Release|x64
		{B496C55B-A38B-4CF3-8640-D38D3887B0AB}.Debug|Mixed Platforms.ActiveCfg = Debug|x64
		{B496C55B-A38B-4CF3-8640-D38D3887B0AB}.Debug|Mixed Platforms.Build.0 = Debug|x64
		{B496C55B-A38B-4CF3-8640-D38D3887B0AB}.Debug|Win32.ActiveCfg = Debug|Win32
		{B496C55B-A38B-4CF3-8640-D38D3887B0AB}.Debug|Win32.Build.0 = Debug|Win32
		{B496C55B-A38B-4CF3-8640-D38D3887B0AB}.Debug|x64.ActiveCfg = Debug|Win32
		{B496C55B-A38B-4CF3-8640-D38D3887B0AB}.Release|Mixed Platforms.ActiveCfg = Release|x64
		{B496C55B-A38B-4CF3-8640-D38D3887B0AB}.Release|Mixed Platforms.Build.0 = Release|x64
		{B496C55B-A38B-4CF3-8640-D38D3887B0AB}.Release|Win32.ActiveCfg = Release|Win32
		{B496C55B-A38B-4CF3-8640-D38D3887B0AB}.Release|Win32.Build.0 = Release|Win32
		{B496C55B-A38B-4CF3-8640-D38D3887B0AB}.Release|x64.ActiveCfg = Release|Win32
		{79F23A76-F444-4E8C-B776-496D511E29E1}.Debug|Mixed Platforms.ActiveCfg = Debug|x64
		{79F23A76-F444-4E8C-B776-496D511E29E1}.Debug|Mixed Platforms.Build.0 = Debug|x64
		{79F23A76-F444-4E8C-B776-496D511E29E1}.Debug|Win32.ActiveCfg = Debug|Win32
		{79F23A76-F444-4E8C-B776-496D511E29E1}.Debug|Win32.Build.0 = Debug|Win32
		{79F23A76-F444-4E8C-B776-496D511E29E1}.Debug|x64.ActiveCfg = Debug|Win32
		{79F23A76-F444-4E8C-B776-496D511E29E1}.Release|Mixed Platforms.ActiveCfg = Release|x64
		{79F23A76-F444-4E8C-B776-496D511E29E1}.Release|Mixed Platforms.Build.0 = Release|x64
		{79F23A76-F444-4E8C-B776-496D511E29E1}.Release|Win32.ActiveCfg = Release|Win32
		{79F23A76-F444-4E8C-B776-496D511E29E1}.Release|Win32.Build.0 = Release|Win32
		{79F23A76-F444-4E8C-B776-496D511E29E1}.Release|x64.ActiveCfg = Release|Win32
		{CCBAD2E4-4A71-478C-9591-29ED287C097E}.Debug|Mixed Platforms.ActiveCfg = Debug|x64
		{CCBAD2E4-4A71-478C-9591-29ED287C097E}.Debug|Mixed Platforms.Build.0 = Debug|x64
		{CCBAD2E4-4A71-478C-9591-29ED287C097E}.Debug|Win32.ActiveCfg = Debug|Win32
		{CCBAD2E4-4A71-478C-9591-29ED287C097E}.Debug|Win32.Build.0 = Debug|Win32
		{CCBAD2E4-4A71-478C-9591-29ED287C097E}.Debug|x64.ActiveCfg = Debug|Win32
		{CCBAD2E4-4A71-478C-9591-29ED287C097E}.Release|Mixed Platforms.ActiveCfg = Release|x64
		{CCBAD2E4-4A71-478C-9591-29ED287C097E}.Release|Mixed Platforms.Build.0 = Release|x64
		{CCBAD2E4-4A71-478C-9591-29ED287C097E}.Release|Win32.ActiveCfg = Release|Win32
		{CCBAD2E4-4A71-478C-9591-29ED287C097E}.Release|Win32.Build.0 = Release|Win32
		{CCBAD2E4-4A71-478C-9591-29ED287C097E}.Release|x64.ActiveCfg = Release|Win32
		{4E9E5AD0-F337-49AE-9274-53ADCA8C10ED}.Debug|Mixed Platforms.ActiveCfg = Debug|Win32
		{4E9E5AD0-F337-49AE-9274-53ADCA8C10ED}.Debug|Mixed Platforms.Build.0 = Debug|Win32
		{4E9E5AD0-F337-49AE-9274-53ADCA8C10ED}.Debug|Win32.ActiveCfg = Debug|Win32
		{4E9E5AD0-F337-49AE-9274-53ADCA8C10ED}.Debug|Win32.Build.0 = Debug|Win32
		{4E9E5AD0-F337-49AE-9274-53ADCA8C10ED}.Debug|x64.ActiveCfg = Debug|Win32
		{4E9E5AD0-F337-49AE-9274-53ADCA8C10ED}.Release|Mixed Platforms.ActiveCfg = Release|Win32
		{4E9E5AD0-F337-49AE-9274-53ADCA8C10ED}.Release|Mixed Platforms.Build.0 = Release|Win32
		{4E9E5AD0-F337-49AE-9274-53ADCA8C10ED}.Release|Win32.ActiveCfg = Release|Win32
		{4E9E5AD0-F337-49AE-9274-53ADCA8C10ED}.Release|Win32.Build.0 = Release|Win32
		{4E9E5AD0-F337-49AE-9274-53ADCA8C10ED}.Release|x64.ActiveCfg = Release|Win32
		{5AF359B0-0684-4D90-87D3-AEFD0799112A}.Debug|Mixed Platforms.ActiveCfg = Debug|x64
		{5AF359B0-0684-4D90-87D3-AEFD0799112A}.Debug|Mixed Platforms.Build.0 = Debug|x64
		{5AF359B0-0684-4D90-87D3-AEFD0799112A}.Debug|Win32.ActiveCfg = Debug|Win32
		{5AF359B0-0684-4D90-87D3-AEFD0799112A}.Debug|Win32.Build.0 = Debug|Win32
		{5AF359B0-0684-4D90-87D3-AEFD0799112A}.Debug|x64.ActiveCfg = Debug|Win32
		{5AF359B0-0684-4D90-87D3-AEFD0799112A}.Release|Mixed Platforms.ActiveCfg = Release|x64
		{5AF359B0-0684-4D90-87D3-AEFD0799112A}.Release|Mixed Platforms.Build.0 = Release|x64
		{5AF359B0-0684-4D90-87D3-AEFD0799112A}.Release|Win32.ActiveCfg = Release|Win32
		{5AF359B0-0684-4D90-87D3-AEFD0799112A}.Release|Win32.Build.0 = Release|Win32
		{5AF359B0-0684-4D90-87D3-AEFD0799112A}.Release|x64.ActiveCfg = Release|Win32
		{EC645FD9-095D-41F7-AD51-19368DD91100}.Debug|Mixed Platforms.ActiveCfg = Debug|Win32
		{EC645FD9-095D-41F7-AD51-19368DD91100}.Debug|Mixed Platforms.Build.0 = Debug|Win32
		{EC645FD9-095D-41F7-AD51-19368DD91100}.Debug|Win32.ActiveCfg = Debug|Win32
		{EC645FD9-095D-41F7-AD51-19368DD91100}.Debug|Win32.Build.0 = Debug|Win32
		{EC645FD9-095D-41F7-AD51-19368DD91100}.Debug|x64.ActiveCfg = Debug|Win32
		{EC645FD9-095D-41F7-AD51-19368DD91100}.Release|Mixed Platforms.ActiveCfg = Release|x64
		{EC645FD9-095D-41F7-AD51-19368DD91100}.Release|Mixed Platforms.Build.0 = Release|x64
		{EC645FD9-095D-41F7-AD51-19368DD91100}.Release|Win32.ActiveCfg = Release|Win32
		{EC645FD9-095D-41F7-AD51-19368DD91100}.Release|Win32.Build.0 = Release|Win32
		{EC645FD9-095D-41F7-AD51-19368DD91100}.Release|x64.ActiveCfg = Release|Win32
		{8CBABB16-7672-4225-9E3F-4D1D6DED92FB}.Debug|Mixed Platforms.ActiveCfg = Debug|Win32
		{8CBABB16-7672-4225-9E3F-4D1D6DED92FB}.Debug|Mixed Platforms.Build.0 = Debug|Win32
		{8CBABB16-7672-4225-9E3F-4D1D6DED92FB}.Debug|Win32.ActiveCfg = Debug|Win32
		{8CBABB16-7672-4225-9E3F-4D1D6DED92FB}.Debug|Win32.Build.0 = Debug|Win32
		{8CBABB16-7672-4225-9E3F-4D1D6DED92FB}.Debug|x64.ActiveCfg = Debug|Win32
		{8CBABB16-7672-4225-9E3F-4D1D6DED92FB}.Release|Mixed Platforms.ActiveCfg = Release|x64
		{8CBABB16-7672-4225-9E3F-4D1D6DED92FB}.Release|Mixed Platforms.Build.0 = Release|x64
		{8CBABB16-7672-4225-9E3F-4D1D6DED92FB}.Release|Win32.ActiveCfg = Release|Win32
		{8CBABB16-7672-4225-9E3F-4D1D6DED92FB}.Release|Win32.Build.0 = Release|Win32
		{8CBABB16-7672-4225-9E3F-4D1D6DED92FB}.Release|x64.ActiveCfg = Release|Win32
	EndGlobalSection
	GlobalSection(SolutionProperties) = preSolution
		HideSolutionNode = FALSE
	EndGlobalSection
EndGlobal
